
Microsoft Visual Studio Solution File, Format Version 12.00
# Visual Studio Version 17
VisualStudioVersion = 17.7.34221.43
MinimumVisualStudioVersion = 10.0.40219.1
Project("{FAE04EC0-301F-11D3-BF4B-00C04F79EFBC}") = "DigitalArs-copia", "DigitalArs-copia\DigitalArs-copia.csproj", "{5D07DFDC-0C6F-4575-B313-1F17A85E3172}"
EndProject
Global
	GlobalSection(SolutionConfigurationPlatforms) = preSolution
		Debug|Any CPU = Debug|Any CPU
		Release|Any CPU = Release|Any CPU
	EndGlobalSection
	GlobalSection(ProjectConfigurationPlatforms) = postSolution
		{5D07DFDC-0C6F-4575-B313-1F17A85E3172}.Debug|Any CPU.ActiveCfg = Debug|Any CPU
		{5D07DFDC-0C6F-4575-B313-1F17A85E3172}.Debug|Any CPU.Build.0 = Debug|Any CPU
		{5D07DFDC-0C6F-4575-B313-1F17A85E3172}.Release|Any CPU.ActiveCfg = Release|Any CPU
		{5D07DFDC-0C6F-4575-B313-1F17A85E3172}.Release|Any CPU.Build.0 = Release|Any CPU
	EndGlobalSection
	GlobalSection(SolutionProperties) = preSolution
		HideSolutionNode = FALSE
	EndGlobalSection
	GlobalSection(ExtensibilityGlobals) = postSolution
		SolutionGuid = {AABA4895-76C8-4029-8938-8116E18602FC}
	EndGlobalSection
EndGlobal
